
Microsoft Visual Studio Solution File, Format Version 11.00
# Visual Studio 2010
Project("{E24C65DC-7377-472B-9ABA-BC803B73C61A}") = "demo", "demo\", "{9DB3D8FD-7708-48C9-89F4-A988017EEC26}"
	ProjectSection(WebsiteProperties) = preProject
		TargetFrameworkMoniker = ".NETFramework,Version%3Dv4.0"
		Debug.AspNetCompiler.VirtualPath = "/demo"
		Debug.AspNetCompiler.PhysicalPath = "demo\"
		Debug.AspNetCompiler.TargetPath = "PrecompiledWeb\demo\"
		Debug.AspNetCompiler.Updateable = "true"
		Debug.AspNetCompiler.ForceOverwrite = "true"
		Debug.AspNetCompiler.FixedNames = "false"
		Debug.AspNetCompiler.Debug = "True"
		Release.AspNetCompiler.VirtualPath = "/demo"
		Release.AspNetCompiler.PhysicalPath = "demo\"
		Release.AspNetCompiler.TargetPath = "PrecompiledWeb\demo\"
		Release.AspNetCompiler.Updateable = "true"
		Release.AspNetCompiler.ForceOverwrite = "true"
		Release.AspNetCompiler.FixedNames = "false"
		Release.AspNetCompiler.Debug = "False"
		VWDPort = "40476"
	EndProjectSection
EndProject
Project("{2150E333-8FDC-42A3-9474-1A3956D46DE8}") = "Solution Items", "Solution Items", "{18E1A149-754B-4ABD-94C7-32BA169638E1}"
	ProjectSection(SolutionItems) = preProject
		LICENSE.txt = LICENSE.txt
		simplate.js = simplate.js
	EndProjectSection
EndProject
Global
	GlobalSection(SolutionConfigurationPlatforms) = preSolution
		Debug|Any CPU = Debug|Any CPU
	EndGlobalSection
	GlobalSection(ProjectConfigurationPlatforms) = postSolution
		{9DB3D8FD-7708-48C9-89F4-A988017EEC26}.Debug|Any CPU.ActiveCfg = Debug|Any CPU
		{9DB3D8FD-7708-48C9-89F4-A988017EEC26}.Debug|Any CPU.Build.0 = Debug|Any CPU
	EndGlobalSection
	GlobalSection(SolutionProperties) = preSolution
		HideSolutionNode = FALSE
	EndGlobalSection
EndGlobal
